
Microsoft Visual Studio Solution File, Format Version 12.00
# Visual Studio 15
VisualStudioVersion = 15.0.28307.421
MinimumVisualStudioVersion = 10.0.40219.1
Project("{FAE04EC0-301F-11D3-BF4B-00C04F79EFBC}") = "Fram", "Fram\Fram.csproj", "{5DA21538-22BF-4522-BE58-47542FEFAE5F}"
EndProject
Project("{FAE04EC0-301F-11D3-BF4B-00C04F79EFBC}") = "Connection", "Connection\Connection.csproj", "{B5B73599-34B1-43DB-9D2C-C9B523B22995}"
EndProject
Project("{FAE04EC0-301F-11D3-BF4B-00C04F79EFBC}") = "FileOperate", "FileOperate\FileOperate.csproj", "{BC57B764-2415-4089-BBCB-C1C3195FF37E}"
EndProject
Project("{FAE04EC0-301F-11D3-BF4B-00C04F79EFBC}") = "Vision", "Vision\Vision.csproj", "{3F94D3A5-721D-487C-B6A1-D7F702C71129}"
EndProject
Project("{FAE04EC0-301F-11D3-BF4B-00C04F79EFBC}") = "CommonFunc", "CommonTool\CommonFunc.csproj", "{DEEAFD62-1F59-45CD-9C66-34F5CA7ED03C}"
EndProject
Project("{FAE04EC0-301F-11D3-BF4B-00C04F79EFBC}") = "OcrTool", "OcrTool\OcrTool.csproj", "{119C4064-F497-42B1-9E1F-B7DDCE753FCE}"
EndProject
Project("{2150E333-8FDC-42A3-9474-1A3956D46DE8}") = "HalconVision", "HalconVision", "{64B60B99-0841-48E5-8D18-AC081544C489}"
EndProject
Project("{FAE04EC0-301F-11D3-BF4B-00C04F79EFBC}") = "CLCamera", "CLCamera\CLCamera.csproj", "{16EF9809-B85E-41B0-96FC-AC7B77ADADD7}"
EndProject
Project("{FAE04EC0-301F-11D3-BF4B-00C04F79EFBC}") = "TwoDimensionCode", "TwoDimensionCode\TwoDimensionCode.csproj", "{9F2527E3-FF68-4BF8-B68D-4499E36AA00C}"
EndProject
Project("{FAE04EC0-301F-11D3-BF4B-00C04F79EFBC}") = "ViewROI", "Display\ViewROI\ViewROI.csproj", "{275CC20C-00B9-470B-9017-4D6457D74BE6}"
EndProject
Project("{FAE04EC0-301F-11D3-BF4B-00C04F79EFBC}") = "HDisplay", "Display\HDisplay\HDisplay.csproj", "{96CC5929-EE8A-4CB5-812E-5CEE3C23820B}"
EndProject
Project("{FAE04EC0-301F-11D3-BF4B-00C04F79EFBC}") = "HalconModle", "HalconModle\HalconModle.csproj", "{6B1E1CB0-1FE6-4D7D-B7BA-07E4DEBD6F3F}"
EndProject
Global
	GlobalSection(SolutionConfigurationPlatforms) = preSolution
		Debug|Any CPU = Debug|Any CPU
		Debug|x86 = Debug|x86
		Release|Any CPU = Release|Any CPU
		Release|x86 = Release|x86
	EndGlobalSection
	GlobalSection(ProjectConfigurationPlatforms) = postSolution
		{5DA21538-22BF-4522-BE58-47542FEFAE5F}.Debug|Any CPU.ActiveCfg = Debug|Any CPU
		{5DA21538-22BF-4522-BE58-47542FEFAE5F}.Debug|Any CPU.Build.0 = Debug|Any CPU
		{5DA21538-22BF-4522-BE58-47542FEFAE5F}.Debug|x86.ActiveCfg = Debug|Any CPU
		{5DA21538-22BF-4522-BE58-47542FEFAE5F}.Release|Any CPU.ActiveCfg = Release|Any CPU
		{5DA21538-22BF-4522-BE58-47542FEFAE5F}.Release|Any CPU.Build.0 = Release|Any CPU
		{5DA21538-22BF-4522-BE58-47542FEFAE5F}.Release|x86.ActiveCfg = Release|Any CPU
		{B5B73599-34B1-43DB-9D2C-C9B523B22995}.Debug|Any CPU.ActiveCfg = Debug|Any CPU
		{B5B73599-34B1-43DB-9D2C-C9B523B22995}.Debug|Any CPU.Build.0 = Debug|Any CPU
		{B5B73599-34B1-43DB-9D2C-C9B523B22995}.Debug|x86.ActiveCfg = Debug|Any CPU
		{B5B73599-34B1-43DB-9D2C-C9B523B22995}.Release|Any CPU.ActiveCfg = Release|Any CPU
		{B5B73599-34B1-43DB-9D2C-C9B523B22995}.Release|Any CPU.Build.0 = Release|Any CPU
		{B5B73599-34B1-43DB-9D2C-C9B523B22995}.Release|x86.ActiveCfg = Release|Any CPU
		{BC57B764-2415-4089-BBCB-C1C3195FF37E}.Debug|Any CPU.ActiveCfg = Debug|Any CPU
		{BC57B764-2415-4089-BBCB-C1C3195FF37E}.Debug|Any CPU.Build.0 = Debug|Any CPU
		{BC57B764-2415-4089-BBCB-C1C3195FF37E}.Debug|x86.ActiveCfg = Debug|Any CPU
		{BC57B764-2415-4089-BBCB-C1C3195FF37E}.Release|Any CPU.ActiveCfg = Release|Any CPU
		{BC57B764-2415-4089-BBCB-C1C3195FF37E}.Release|Any CPU.Build.0 = Release|Any CPU
		{BC57B764-2415-4089-BBCB-C1C3195FF37E}.Release|x86.ActiveCfg = Release|Any CPU
		{3F94D3A5-721D-487C-B6A1-D7F702C71129}.Debug|Any CPU.ActiveCfg = Debug|Any CPU
		{3F94D3A5-721D-487C-B6A1-D7F702C71129}.Debug|Any CPU.Build.0 = Debug|Any CPU
		{3F94D3A5-721D-487C-B6A1-D7F702C71129}.Debug|x86.ActiveCfg = Debug|Any CPU
		{3F94D3A5-721D-487C-B6A1-D7F702C71129}.Release|Any CPU.ActiveCfg = Release|Any CPU
		{3F94D3A5-721D-487C-B6A1-D7F702C71129}.Release|Any CPU.Build.0 = Release|Any CPU
		{3F94D3A5-721D-487C-B6A1-D7F702C71129}.Release|x86.ActiveCfg = Release|Any CPU
		{DEEAFD62-1F59-45CD-9C66-34F5CA7ED03C}.Debug|Any CPU.ActiveCfg = Debug|Any CPU
		{DEEAFD62-1F59-45CD-9C66-34F5CA7ED03C}.Debug|Any CPU.Build.0 = Debug|Any CPU
		{DEEAFD62-1F59-45CD-9C66-34F5CA7ED03C}.Debug|x86.ActiveCfg = Debug|Any CPU
		{DEEAFD62-1F59-45CD-9C66-34F5CA7ED03C}.Release|Any CPU.ActiveCfg = Release|Any CPU
		{DEEAFD62-1F59-45CD-9C66-34F5CA7ED03C}.Release|Any CPU.Build.0 = Release|Any CPU
		{DEEAFD62-1F59-45CD-9C66-34F5CA7ED03C}.Release|x86.ActiveCfg = Release|Any CPU
		{119C4064-F497-42B1-9E1F-B7DDCE753FCE}.Debug|Any CPU.ActiveCfg = Debug|Any CPU
		{119C4064-F497-42B1-9E1F-B7DDCE753FCE}.Debug|Any CPU.Build.0 = Debug|Any CPU
		{119C4064-F497-42B1-9E1F-B7DDCE753FCE}.Debug|x86.ActiveCfg = Debug|Any CPU
		{119C4064-F497-42B1-9E1F-B7DDCE753FCE}.Release|Any CPU.ActiveCfg = Release|Any CPU
		{119C4064-F497-42B1-9E1F-B7DDCE753FCE}.Release|Any CPU.Build.0 = Release|Any CPU
		{119C4064-F497-42B1-9E1F-B7DDCE753FCE}.Release|x86.ActiveCfg = Release|Any CPU
		{16EF9809-B85E-41B0-96FC-AC7B77ADADD7}.Debug|Any CPU.ActiveCfg = Debug|Any CPU
		{16EF9809-B85E-41B0-96FC-AC7B77ADADD7}.Debug|Any CPU.Build.0 = Debug|Any CPU
		{16EF9809-B85E-41B0-96FC-AC7B77ADADD7}.Debug|x86.ActiveCfg = Debug|Any CPU
		{16EF9809-B85E-41B0-96FC-AC7B77ADADD7}.Release|Any CPU.ActiveCfg = Release|Any CPU
		{16EF9809-B85E-41B0-96FC-AC7B77ADADD7}.Release|Any CPU.Build.0 = Release|Any CPU
		{16EF9809-B85E-41B0-96FC-AC7B77ADADD7}.Release|x86.ActiveCfg = Release|Any CPU
		{9F2527E3-FF68-4BF8-B68D-4499E36AA00C}.Debug|Any CPU.ActiveCfg = Debug|Any CPU
		{9F2527E3-FF68-4BF8-B68D-4499E36AA00C}.Debug|Any CPU.Build.0 = Debug|Any CPU
		{9F2527E3-FF68-4BF8-B68D-4499E36AA00C}.Debug|x86.ActiveCfg = Debug|Any CPU
		{9F2527E3-FF68-4BF8-B68D-4499E36AA00C}.Release|Any CPU.ActiveCfg = Release|Any CPU
		{9F2527E3-FF68-4BF8-B68D-4499E36AA00C}.Release|Any CPU.Build.0 = Release|Any CPU
		{9F2527E3-FF68-4BF8-B68D-4499E36AA00C}.Release|x86.ActiveCfg = Release|Any CPU
		{275CC20C-00B9-470B-9017-4D6457D74BE6}.Debug|Any CPU.ActiveCfg = Debug|Any CPU
		{275CC20C-00B9-470B-9017-4D6457D74BE6}.Debug|Any CPU.Build.0 = Debug|Any CPU
		{275CC20C-00B9-470B-9017-4D6457D74BE6}.Debug|x86.ActiveCfg = Debug|Any CPU
		{275CC20C-00B9-470B-9017-4D6457D74BE6}.Release|Any CPU.ActiveCfg = Release|Any CPU
		{275CC20C-00B9-470B-9017-4D6457D74BE6}.Release|Any CPU.Build.0 = Release|Any CPU
		{275CC20C-00B9-470B-9017-4D6457D74BE6}.Release|x86.ActiveCfg = Release|Any CPU
		{96CC5929-EE8A-4CB5-812E-5CEE3C23820B}.Debug|Any CPU.ActiveCfg = Debug|Any CPU
		{96CC5929-EE8A-4CB5-812E-5CEE3C23820B}.Debug|Any CPU.Build.0 = Debug|Any CPU
		{96CC5929-EE8A-4CB5-812E-5CEE3C23820B}.Debug|x86.ActiveCfg = Debug|x86
		{96CC5929-EE8A-4CB5-812E-5CEE3C23820B}.Debug|x86.Build.0 = Debug|x86
		{96CC5929-EE8A-4CB5-812E-5CEE3C23820B}.Release|Any CPU.ActiveCfg = Release|Any CPU
		{96CC5929-EE8A-4CB5-812E-5CEE3C23820B}.Release|Any CPU.Build.0 = Release|Any CPU
		{96CC5929-EE8A-4CB5-812E-5CEE3C23820B}.Release|x86.ActiveCfg = Release|x86
		{96CC5929-EE8A-4CB5-812E-5CEE3C23820B}.Release|x86.Build.0 = Release|x86
		{6B1E1CB0-1FE6-4D7D-B7BA-07E4DEBD6F3F}.Debug|Any CPU.ActiveCfg = Debug|Any CPU
		{6B1E1CB0-1FE6-4D7D-B7BA-07E4DEBD6F3F}.Debug|Any CPU.Build.0 = Debug|Any CPU
		{6B1E1CB0-1FE6-4D7D-B7BA-07E4DEBD6F3F}.Debug|x86.ActiveCfg = Debug|Any CPU
		{6B1E1CB0-1FE6-4D7D-B7BA-07E4DEBD6F3F}.Debug|x86.Build.0 = Debug|Any CPU
		{6B1E1CB0-1FE6-4D7D-B7BA-07E4DEBD6F3F}.Release|Any CPU.ActiveCfg = Release|Any CPU
		{6B1E1CB0-1FE6-4D7D-B7BA-07E4DEBD6F3F}.Release|Any CPU.Build.0 = Release|Any CPU
		{6B1E1CB0-1FE6-4D7D-B7BA-07E4DEBD6F3F}.Release|x86.ActiveCfg = Release|Any CPU
		{6B1E1CB0-1FE6-4D7D-B7BA-07E4DEBD6F3F}.Release|x86.Build.0 = Release|Any CPU
	EndGlobalSection
	GlobalSection(SolutionProperties) = preSolution
		HideSolutionNode = FALSE
	EndGlobalSection
	GlobalSection(NestedProjects) = preSolution
		{16EF9809-B85E-41B0-96FC-AC7B77ADADD7} = {64B60B99-0841-48E5-8D18-AC081544C489}
		{9F2527E3-FF68-4BF8-B68D-4499E36AA00C} = {64B60B99-0841-48E5-8D18-AC081544C489}
		{275CC20C-00B9-470B-9017-4D6457D74BE6} = {64B60B99-0841-48E5-8D18-AC081544C489}
		{96CC5929-EE8A-4CB5-812E-5CEE3C23820B} = {64B60B99-0841-48E5-8D18-AC081544C489}
		{6B1E1CB0-1FE6-4D7D-B7BA-07E4DEBD6F3F} = {64B60B99-0841-48E5-8D18-AC081544C489}
	EndGlobalSection
	GlobalSection(ExtensibilityGlobals) = postSolution
		SolutionGuid = {66AE51BC-490C-4356-9957-7417543605D2}
	EndGlobalSection
EndGlobal
